
Microsoft Visual Studio Solution File, Format Version 12.00
# Visual Studio Version 17
VisualStudioVersion = 17.4.33205.214
MinimumVisualStudioVersion = 10.0.40219.1
Project("{2150E333-8FDC-42A3-9474-1A3956D46DE8}") = "Application", "Application", "{B7017D94-D42D-4CB5-81BE-28FD52DE1168}"
EndProject
Project("{2150E333-8FDC-42A3-9474-1A3956D46DE8}") = "Domain", "Domain", "{72434204-EFDA-47F3-8281-853C818C5E7F}"
EndProject
Project("{2150E333-8FDC-42A3-9474-1A3956D46DE8}") = "Infrastructure", "Infrastructure", "{CCB46734-7DE8-4AFA-8940-D1AA05AC552E}"
EndProject
Project("{9A19103F-16F7-4668-BE54-9A1E7A4F7556}") = "Domain", "Domain\Domain.csproj", "{C2127D0C-009E-4E5D-A4A7-E7FDBD8B0B6B}"
EndProject
Project("{9A19103F-16F7-4668-BE54-9A1E7A4F7556}") = "Infrastructure", "Infrastructure\Infrastructure.csproj", "{25461489-0727-4A60-8B39-9B01784CBF80}"
EndProject
Project("{9A19103F-16F7-4668-BE54-9A1E7A4F7556}") = "API", "API\API.csproj", "{4910A872-178C-45A1-8196-1EA92323BEAB}"
EndProject
Project("{2150E333-8FDC-42A3-9474-1A3956D46DE8}") = "Tests", "Tests", "{D10A2DE0-3D7D-4ED8-8C68-A5C58E22264B}"
EndProject
Project("{9A19103F-16F7-4668-BE54-9A1E7A4F7556}") = "Infrastructure.UnitTests", "Infrastructure.UnitTests\Infrastructure.UnitTests.csproj", "{4B8FB731-7D4D-486A-9A67-F77F75328B78}"
EndProject
Project("{2150E333-8FDC-42A3-9474-1A3956D46DE8}") = "Tools", "Tools", "{C66EF9B9-ACBC-4C2B-858F-CE552B2E2A10}"
EndProject
Project("{9A19103F-16F7-4668-BE54-9A1E7A4F7556}") = "Tools", "Tools\Tools.csproj", "{9DFAD99D-7918-4185-AF77-0CC939962753}"
EndProject
Project("{9A19103F-16F7-4668-BE54-9A1E7A4F7556}") = "Tools.UnitTests", "Tools.UnitTests\Tools.UnitTests.csproj", "{38ABF134-C05B-4342-BABD-67FECF25E9DF}"
EndProject
Project("{9A19103F-16F7-4668-BE54-9A1E7A4F7556}") = "Domain.IntegrationTests", "Domain.IntegrationTests\Domain.IntegrationTests.csproj", "{C9F4ADD7-DCCF-41A7-93D5-55CC6F1B1DFE}"
EndProject
Project("{FAE04EC0-301F-11D3-BF4B-00C04F79EFBC}") = "Domain.Entities.UnitTests", "Domain.Entities.UnitTests\Domain.Entities.UnitTests.csproj", "{52880D5D-76B9-4EA0-9A07-585A6BCF8805}"
EndProject
Project("{FAE04EC0-301F-11D3-BF4B-00C04F79EFBC}") = "Domain.Converters.UnitTests", "Domain.Converters.UnitTests\Domain.Converters.UnitTests.csproj", "{5FC29E21-101B-4B31-A898-6ED5A6FD279A}"
EndProject
Project("{FAE04EC0-301F-11D3-BF4B-00C04F79EFBC}") = "API.IntegrationTests", "API.IntegrationTests\API.IntegrationTests.csproj", "{14195CDB-2C45-471A-85AE-FC733EC0CE35}"
EndProject
Global
	GlobalSection(SolutionConfigurationPlatforms) = preSolution
		Debug|Any CPU = Debug|Any CPU
		Release|Any CPU = Release|Any CPU
	EndGlobalSection
	GlobalSection(ProjectConfigurationPlatforms) = postSolution
		{C2127D0C-009E-4E5D-A4A7-E7FDBD8B0B6B}.Debug|Any CPU.ActiveCfg = Debug|Any CPU
		{C2127D0C-009E-4E5D-A4A7-E7FDBD8B0B6B}.Debug|Any CPU.Build.0 = Debug|Any CPU
		{C2127D0C-009E-4E5D-A4A7-E7FDBD8B0B6B}.Release|Any CPU.ActiveCfg = Release|Any CPU
		{C2127D0C-009E-4E5D-A4A7-E7FDBD8B0B6B}.Release|Any CPU.Build.0 = Release|Any CPU
		{25461489-0727-4A60-8B39-9B01784CBF80}.Debug|Any CPU.ActiveCfg = Debug|Any CPU
		{25461489-0727-4A60-8B39-9B01784CBF80}.Debug|Any CPU.Build.0 = Debug|Any CPU
		{25461489-0727-4A60-8B39-9B01784CBF80}.Release|Any CPU.ActiveCfg = Release|Any CPU
		{25461489-0727-4A60-8B39-9B01784CBF80}.Release|Any CPU.Build.0 = Release|Any CPU
		{4910A872-178C-45A1-8196-1EA92323BEAB}.Debug|Any CPU.ActiveCfg = Debug|Any CPU
		{4910A872-178C-45A1-8196-1EA92323BEAB}.Debug|Any CPU.Build.0 = Debug|Any CPU
		{4910A872-178C-45A1-8196-1EA92323BEAB}.Release|Any CPU.ActiveCfg = Release|Any CPU
		{4910A872-178C-45A1-8196-1EA92323BEAB}.Release|Any CPU.Build.0 = Release|Any CPU
		{4B8FB731-7D4D-486A-9A67-F77F75328B78}.Debug|Any CPU.ActiveCfg = Debug|Any CPU
		{4B8FB731-7D4D-486A-9A67-F77F75328B78}.Debug|Any CPU.Build.0 = Debug|Any CPU
		{4B8FB731-7D4D-486A-9A67-F77F75328B78}.Release|Any CPU.ActiveCfg = Release|Any CPU
		{4B8FB731-7D4D-486A-9A67-F77F75328B78}.Release|Any CPU.Build.0 = Release|Any CPU
		{9DFAD99D-7918-4185-AF77-0CC939962753}.Debug|Any CPU.ActiveCfg = Debug|Any CPU
		{9DFAD99D-7918-4185-AF77-0CC939962753}.Debug|Any CPU.Build.0 = Debug|Any CPU
		{9DFAD99D-7918-4185-AF77-0CC939962753}.Release|Any CPU.ActiveCfg = Release|Any CPU
		{9DFAD99D-7918-4185-AF77-0CC939962753}.Release|Any CPU.Build.0 = Release|Any CPU
		{38ABF134-C05B-4342-BABD-67FECF25E9DF}.Debug|Any CPU.ActiveCfg = Debug|Any CPU
		{38ABF134-C05B-4342-BABD-67FECF25E9DF}.Debug|Any CPU.Build.0 = Debug|Any CPU
		{38ABF134-C05B-4342-BABD-67FECF25E9DF}.Release|Any CPU.ActiveCfg = Release|Any CPU
		{38ABF134-C05B-4342-BABD-67FECF25E9DF}.Release|Any CPU.Build.0 = Release|Any CPU
		{C9F4ADD7-DCCF-41A7-93D5-55CC6F1B1DFE}.Debug|Any CPU.ActiveCfg = Debug|Any CPU
		{C9F4ADD7-DCCF-41A7-93D5-55CC6F1B1DFE}.Debug|Any CPU.Build.0 = Debug|Any CPU
		{C9F4ADD7-DCCF-41A7-93D5-55CC6F1B1DFE}.Release|Any CPU.ActiveCfg = Release|Any CPU
		{C9F4ADD7-DCCF-41A7-93D5-55CC6F1B1DFE}.Release|Any CPU.Build.0 = Release|Any CPU
		{52880D5D-76B9-4EA0-9A07-585A6BCF8805}.Debug|Any CPU.ActiveCfg = Debug|Any CPU
		{52880D5D-76B9-4EA0-9A07-585A6BCF8805}.Debug|Any CPU.Build.0 = Debug|Any CPU
		{52880D5D-76B9-4EA0-9A07-585A6BCF8805}.Release|Any CPU.ActiveCfg = Release|Any CPU
		{52880D5D-76B9-4EA0-9A07-585A6BCF8805}.Release|Any CPU.Build.0 = Release|Any CPU
		{5FC29E21-101B-4B31-A898-6ED5A6FD279A}.Debug|Any CPU.ActiveCfg = Debug|Any CPU
		{5FC29E21-101B-4B31-A898-6ED5A6FD279A}.Debug|Any CPU.Build.0 = Debug|Any CPU
		{5FC29E21-101B-4B31-A898-6ED5A6FD279A}.Release|Any CPU.ActiveCfg = Release|Any CPU
		{5FC29E21-101B-4B31-A898-6ED5A6FD279A}.Release|Any CPU.Build.0 = Release|Any CPU
		{14195CDB-2C45-471A-85AE-FC733EC0CE35}.Debug|Any CPU.ActiveCfg = Debug|Any CPU
		{14195CDB-2C45-471A-85AE-FC733EC0CE35}.Debug|Any CPU.Build.0 = Debug|Any CPU
		{14195CDB-2C45-471A-85AE-FC733EC0CE35}.Release|Any CPU.ActiveCfg = Release|Any CPU
		{14195CDB-2C45-471A-85AE-FC733EC0CE35}.Release|Any CPU.Build.0 = Release|Any CPU
	EndGlobalSection
	GlobalSection(SolutionProperties) = preSolution
		HideSolutionNode = FALSE
	EndGlobalSection
	GlobalSection(NestedProjects) = preSolution
		{C2127D0C-009E-4E5D-A4A7-E7FDBD8B0B6B} = {72434204-EFDA-47F3-8281-853C818C5E7F}
		{25461489-0727-4A60-8B39-9B01784CBF80} = {CCB46734-7DE8-4AFA-8940-D1AA05AC552E}
		{4910A872-178C-45A1-8196-1EA92323BEAB} = {B7017D94-D42D-4CB5-81BE-28FD52DE1168}
		{4B8FB731-7D4D-486A-9A67-F77F75328B78} = {D10A2DE0-3D7D-4ED8-8C68-A5C58E22264B}
		{9DFAD99D-7918-4185-AF77-0CC939962753} = {C66EF9B9-ACBC-4C2B-858F-CE552B2E2A10}
		{38ABF134-C05B-4342-BABD-67FECF25E9DF} = {D10A2DE0-3D7D-4ED8-8C68-A5C58E22264B}
		{C9F4ADD7-DCCF-41A7-93D5-55CC6F1B1DFE} = {D10A2DE0-3D7D-4ED8-8C68-A5C58E22264B}
		{52880D5D-76B9-4EA0-9A07-585A6BCF8805} = {D10A2DE0-3D7D-4ED8-8C68-A5C58E22264B}
		{5FC29E21-101B-4B31-A898-6ED5A6FD279A} = {D10A2DE0-3D7D-4ED8-8C68-A5C58E22264B}
		{14195CDB-2C45-471A-85AE-FC733EC0CE35} = {D10A2DE0-3D7D-4ED8-8C68-A5C58E22264B}
	EndGlobalSection
	GlobalSection(ExtensibilityGlobals) = postSolution
		SolutionGuid = {DF7044AB-08C8-43B0-B29F-BBB3B4EAA940}
	EndGlobalSection
EndGlobal
